// !$*UTF8*$!
{
	archiveVersion = 1;
	classes = {
	};
	objectVersion = 77;
	objects = {

/* Begin PBXBuildFile section */
		6301F5DF2DEC5E450088C864 /* LaunchScreen.storyboard in Resources */ = {isa = PBXBuildFile; fileRef = 6301F5DE2DEC5E450088C864 /* LaunchScreen.storyboard */; };
		630E712D2DE764E2006B0A21 /* Assets.xcassets in Resources */ = {isa = PBXBuildFile; fileRef = 630E712A2DE764E2006B0A21 /* Assets.xcassets */; };
		630E712E2DE764E2006B0A21 /* AiQuizPuzzleApp.swift in Sources */ = {isa = PBXBuildFile; fileRef = 630E71292DE764E2006B0A21 /* AiQuizPuzzleApp.swift */; };
		635B0A392DE87FBF008E016E /* ColorExtension.swift in Sources */ = {isa = PBXBuildFile; fileRef = 635B0A382DE87FBB008E016E /* ColorExtension.swift */; };
		635B0A3B2DE88157008E016E /* ImageExtension.swift in Sources */ = {isa = PBXBuildFile; fileRef = 635B0A3A2DE88153008E016E /* ImageExtension.swift */; };
		635B0A3D2DE88161008E016E /* Labels.swift in Sources */ = {isa = PBXBuildFile; fileRef = 635B0A3C2DE8815E008E016E /* Labels.swift */; };
		635B0A3F2DE8820A008E016E /* ViewExtension.swift in Sources */ = {isa = PBXBuildFile; fileRef = 635B0A3E2DE88207008E016E /* ViewExtension.swift */; };
		635B0A432DE8849D008E016E /* SplashScreenView.swift in Sources */ = {isa = PBXBuildFile; fileRef = 635B0A422DE88498008E016E /* SplashScreenView.swift */; };
		635B0A452DE8882B008E016E /* GoogleService-Info.plist in Resources */ = {isa = PBXBuildFile; fileRef = 635B0A442DE8882B008E016E /* GoogleService-Info.plist */; };
		635B0A482DE888D5008E016E /* FirebaseAuth in Frameworks */ = {isa = PBXBuildFile; productRef = 635B0A472DE888D5008E016E /* FirebaseAuth */; };
		635B0A4A2DE888D5008E016E /* FirebaseFirestore in Frameworks */ = {isa = PBXBuildFile; productRef = 635B0A492DE888D5008E016E /* FirebaseFirestore */; };
		636F353C2DEB0D1800B19323 /* OnboardingScreenModel.swift in Sources */ = {isa = PBXBuildFile; fileRef = 636F353B2DEB0D1200B19323 /* OnboardingScreenModel.swift */; };
		636F35412DEB0D3A00B19323 /* OnboardingScreenView.swift in Sources */ = {isa = PBXBuildFile; fileRef = 636F35402DEB0D3A00B19323 /* OnboardingScreenView.swift */; };
		636F35442DEB0D5A00B19323 /* OnboardingViewModel.swift in Sources */ = {isa = PBXBuildFile; fileRef = 636F35432DEB0D5500B19323 /* OnboardingViewModel.swift */; };
		636F35472DEB122800B19323 /* SwiftUIPager in Frameworks */ = {isa = PBXBuildFile; productRef = 636F35462DEB122800B19323 /* SwiftUIPager */; };
		636F35492DEB13F300B19323 /* FontExtension.swift in Sources */ = {isa = PBXBuildFile; fileRef = 636F35482DEB13F000B19323 /* FontExtension.swift */; };
		636F354B2DEB169300B19323 /* OnboardingCardView.swift in Sources */ = {isa = PBXBuildFile; fileRef = 636F354A2DEB169300B19323 /* OnboardingCardView.swift */; };
		63936D2B2DEB6BC700940B34 /* EpilepsySans.ttf in Resources */ = {isa = PBXBuildFile; fileRef = 63936D292DEB6BC700940B34 /* EpilepsySans.ttf */; };
		63936D2C2DEB6BC700940B34 /* EpilepsySansBold.ttf in Resources */ = {isa = PBXBuildFile; fileRef = 63936D2A2DEB6BC700940B34 /* EpilepsySansBold.ttf */; };
		63936D302DEB6E1800940B34 /* Micro5-Regular.ttf in Resources */ = {isa = PBXBuildFile; fileRef = 63936D2F2DEB6E1800940B34 /* Micro5-Regular.ttf */; };
		63EF32FE2DEC9D1100B19E4F /* OnboardingGradientModel.swift in Sources */ = {isa = PBXBuildFile; fileRef = 63EF32FD2DEC9D0700B19E4F /* OnboardingGradientModel.swift */; };
		63F9D15B2DEA0F7C00C7598A /* QuizInfoModel.swift in Sources */ = {isa = PBXBuildFile; fileRef = 63F9D15A2DEA0F7100C7598A /* QuizInfoModel.swift */; };
		63F9D15D2DEA102600C7598A /* QuizQuestionModel.swift in Sources */ = {isa = PBXBuildFile; fileRef = 63F9D15C2DEA101F00C7598A /* QuizQuestionModel.swift */; };
		63F9D1622DEA116A00C7598A /* QuizInfoView.swift in Sources */ = {isa = PBXBuildFile; fileRef = 63F9D1612DEA116A00C7598A /* QuizInfoView.swift */; };
		63F9D1692DEA315700C7598A /* QuizQestionsView.swift in Sources */ = {isa = PBXBuildFile; fileRef = 63F9D1682DEA315700C7598A /* QuizQestionsView.swift */; };
/* End PBXBuildFile section */

/* Begin PBXFileReference section */
		6301F5DE2DEC5E450088C864 /* LaunchScreen.storyboard */ = {isa = PBXFileReference; lastKnownFileType = file.storyboard; path = LaunchScreen.storyboard; sourceTree = "<group>"; };
		630E711B2DE764D9006B0A21 /* AiQuizPuzzle.app */ = {isa = PBXFileReference; explicitFileType = wrapper.application; includeInIndex = 0; path = AiQuizPuzzle.app; sourceTree = BUILT_PRODUCTS_DIR; };
		630E71292DE764E2006B0A21 /* AiQuizPuzzleApp.swift */ = {isa = PBXFileReference; lastKnownFileType = sourcecode.swift; path = AiQuizPuzzleApp.swift; sourceTree = "<group>"; };
		630E712A2DE764E2006B0A21 /* Assets.xcassets */ = {isa = PBXFileReference; lastKnownFileType = folder.assetcatalog; path = Assets.xcassets; sourceTree = "<group>"; };
		630E71332DE77DD3006B0A21 /* Info.plist */ = {isa = PBXFileReference; lastKnownFileType = text.plist; path = Info.plist; sourceTree = "<group>"; };
		635B0A382DE87FBB008E016E /* ColorExtension.swift */ = {isa = PBXFileReference; lastKnownFileType = sourcecode.swift; path = ColorExtension.swift; sourceTree = "<group>"; };
		635B0A3A2DE88153008E016E /* ImageExtension.swift */ = {isa = PBXFileReference; lastKnownFileType = sourcecode.swift; path = ImageExtension.swift; sourceTree = "<group>"; };
		635B0A3C2DE8815E008E016E /* Labels.swift */ = {isa = PBXFileReference; lastKnownFileType = sourcecode.swift; path = Labels.swift; sourceTree = "<group>"; };
		635B0A3E2DE88207008E016E /* ViewExtension.swift */ = {isa = PBXFileReference; lastKnownFileType = sourcecode.swift; path = ViewExtension.swift; sourceTree = "<group>"; };
		635B0A422DE88498008E016E /* SplashScreenView.swift */ = {isa = PBXFileReference; lastKnownFileType = sourcecode.swift; path = SplashScreenView.swift; sourceTree = "<group>"; };
		635B0A442DE8882B008E016E /* GoogleService-Info.plist */ = {isa = PBXFileReference; lastKnownFileType = text.plist.xml; path = "GoogleService-Info.plist"; sourceTree = "<group>"; };
		636F353B2DEB0D1200B19323 /* OnboardingScreenModel.swift */ = {isa = PBXFileReference; lastKnownFileType = sourcecode.swift; path = OnboardingScreenModel.swift; sourceTree = "<group>"; };
		636F35402DEB0D3A00B19323 /* OnboardingScreenView.swift */ = {isa = PBXFileReference; lastKnownFileType = sourcecode.swift; path = OnboardingScreenView.swift; sourceTree = "<group>"; };
		636F35432DEB0D5500B19323 /* OnboardingViewModel.swift */ = {isa = PBXFileReference; lastKnownFileType = sourcecode.swift; path = OnboardingViewModel.swift; sourceTree = "<group>"; };
		636F35482DEB13F000B19323 /* FontExtension.swift */ = {isa = PBXFileReference; lastKnownFileType = sourcecode.swift; path = FontExtension.swift; sourceTree = "<group>"; };
		636F354A2DEB169300B19323 /* OnboardingCardView.swift */ = {isa = PBXFileReference; lastKnownFileType = sourcecode.swift; path = OnboardingCardView.swift; sourceTree = "<group>"; };
		63936D292DEB6BC700940B34 /* EpilepsySans.ttf */ = {isa = PBXFileReference; lastKnownFileType = file; path = EpilepsySans.ttf; sourceTree = "<group>"; };
		63936D2A2DEB6BC700940B34 /* EpilepsySansBold.ttf */ = {isa = PBXFileReference; lastKnownFileType = file; path = EpilepsySansBold.ttf; sourceTree = "<group>"; };
		63936D2F2DEB6E1800940B34 /* Micro5-Regular.ttf */ = {isa = PBXFileReference; lastKnownFileType = file; path = "Micro5-Regular.ttf"; sourceTree = "<group>"; };
		63EF32FD2DEC9D0700B19E4F /* OnboardingGradientModel.swift */ = {isa = PBXFileReference; lastKnownFileType = sourcecode.swift; path = OnboardingGradientModel.swift; sourceTree = "<group>"; };
		63F9D15A2DEA0F7100C7598A /* QuizInfoModel.swift */ = {isa = PBXFileReference; lastKnownFileType = sourcecode.swift; path = QuizInfoModel.swift; sourceTree = "<group>"; };
		63F9D15C2DEA101F00C7598A /* QuizQuestionModel.swift */ = {isa = PBXFileReference; lastKnownFileType = sourcecode.swift; path = QuizQuestionModel.swift; sourceTree = "<group>"; };
		63F9D1612DEA116A00C7598A /* QuizInfoView.swift */ = {isa = PBXFileReference; lastKnownFileType = sourcecode.swift; path = QuizInfoView.swift; sourceTree = "<group>"; };
		63F9D1682DEA315700C7598A /* QuizQestionsView.swift */ = {isa = PBXFileReference; lastKnownFileType = sourcecode.swift; path = QuizQestionsView.swift; sourceTree = "<group>"; };
/* End PBXFileReference section */

/* Begin PBXFrameworksBuildPhase section */
		630E71182DE764D9006B0A21 /* Frameworks */ = {
			isa = PBXFrameworksBuildPhase;
			buildActionMask = 2147483647;
			files = (
				635B0A482DE888D5008E016E /* FirebaseAuth in Frameworks */,
				635B0A4A2DE888D5008E016E /* FirebaseFirestore in Frameworks */,
				636F35472DEB122800B19323 /* SwiftUIPager in Frameworks */,
			);
			runOnlyForDeploymentPostprocessing = 0;
		};
/* End PBXFrameworksBuildPhase section */

/* Begin PBXGroup section */
		630E71122DE764D9006B0A21 = {
			isa = PBXGroup;
			children = (
				630E712C2DE764E2006B0A21 /* AiQuizPuzzle */,
				63F9D1632DEA144E00C7598A /* Frameworks */,
				630E711C2DE764D9006B0A21 /* Products */,
			);
			sourceTree = "<group>";
		};
		630E711C2DE764D9006B0A21 /* Products */ = {
			isa = PBXGroup;
			children = (
				630E711B2DE764D9006B0A21 /* AiQuizPuzzle.app */,
			);
			name = Products;
			sourceTree = "<group>";
		};
		630E712C2DE764E2006B0A21 /* AiQuizPuzzle */ = {
			isa = PBXGroup;
			children = (
				630E71302DE765DE006B0A21 /* Application */,
				635B0A402DE88476008E016E /* Modules */,
				635B0A372DE87FAF008E016E /* Extensions */,
				630E71312DE765F0006B0A21 /* Support */,
				63936D262DEB6B7600940B34 /* Fonts */,
				630E71332DE77DD3006B0A21 /* Info.plist */,
				635B0A442DE8882B008E016E /* GoogleService-Info.plist */,
			);
			path = AiQuizPuzzle;
			sourceTree = "<group>";
		};
		630E71302DE765DE006B0A21 /* Application */ = {
			isa = PBXGroup;
			children = (
				630E71292DE764E2006B0A21 /* AiQuizPuzzleApp.swift */,
			);
			path = Application;
			sourceTree = "<group>";
		};
		630E71312DE765F0006B0A21 /* Support */ = {
			isa = PBXGroup;
			children = (
				630E712A2DE764E2006B0A21 /* Assets.xcassets */,
			);
			path = Support;
			sourceTree = "<group>";
		};
		630E71322DE765F9006B0A21 /* QuizModule */ = {
			isa = PBXGroup;
			children = (
				63F9D1592DEA0F5000C7598A /* Model */,
				63F9D15E2DEA114100C7598A /* View */,
			);
			path = QuizModule;
			sourceTree = "<group>";
		};
		635B0A372DE87FAF008E016E /* Extensions */ = {
			isa = PBXGroup;
			children = (
				635B0A382DE87FBB008E016E /* ColorExtension.swift */,
				635B0A3A2DE88153008E016E /* ImageExtension.swift */,
				636F35482DEB13F000B19323 /* FontExtension.swift */,
				635B0A3C2DE8815E008E016E /* Labels.swift */,
				635B0A3E2DE88207008E016E /* ViewExtension.swift */,
			);
			path = Extensions;
			sourceTree = "<group>";
		};
		635B0A402DE88476008E016E /* Modules */ = {
			isa = PBXGroup;
			children = (
				635B0A412DE8847F008E016E /* OpeningModule */,
				630E71322DE765F9006B0A21 /* QuizModule */,
			);
			path = Modules;
			sourceTree = "<group>";
		};
		635B0A412DE8847F008E016E /* OpeningModule */ = {
			isa = PBXGroup;
			children = (
				636F35392DEB0CF400B19323 /* SplashSection */,
				636F35382DEB0CA500B19323 /* OnboardingSection */,
			);
			path = OpeningModule;
			sourceTree = "<group>";
		};
		636F35382DEB0CA500B19323 /* OnboardingSection */ = {
			isa = PBXGroup;
			children = (
				636F353A2DEB0D0B00B19323 /* Model */,
				636F353D2DEB0D2000B19323 /* View */,
				636F35422DEB0D3F00B19323 /* ViewModel */,
			);
			path = OnboardingSection;
			sourceTree = "<group>";
		};
		636F35392DEB0CF400B19323 /* SplashSection */ = {
			isa = PBXGroup;
			children = (
				635B0A422DE88498008E016E /* SplashScreenView.swift */,
				6301F5DE2DEC5E450088C864 /* LaunchScreen.storyboard */,
			);
			path = SplashSection;
			sourceTree = "<group>";
		};
		636F353A2DEB0D0B00B19323 /* Model */ = {
			isa = PBXGroup;
			children = (
				636F353B2DEB0D1200B19323 /* OnboardingScreenModel.swift */,
				63EF32FD2DEC9D0700B19E4F /* OnboardingGradientModel.swift */,
			);
			path = Model;
			sourceTree = "<group>";
		};
		636F353D2DEB0D2000B19323 /* View */ = {
			isa = PBXGroup;
			children = (
				636F35402DEB0D3A00B19323 /* OnboardingScreenView.swift */,
				636F354A2DEB169300B19323 /* OnboardingCardView.swift */,
			);
			path = View;
			sourceTree = "<group>";
		};
		636F35422DEB0D3F00B19323 /* ViewModel */ = {
			isa = PBXGroup;
			children = (
				636F35432DEB0D5500B19323 /* OnboardingViewModel.swift */,
			);
			path = ViewModel;
			sourceTree = "<group>";
		};
		63936D262DEB6B7600940B34 /* Fonts */ = {
			isa = PBXGroup;
			children = (
				63936D2D2DEB6DA600940B34 /* EpilepsySans */,
				63936D2E2DEB6DBA00940B34 /* Micro5 */,
			);
			path = Fonts;
			sourceTree = "<group>";
		};
		63936D2D2DEB6DA600940B34 /* EpilepsySans */ = {
			isa = PBXGroup;
			children = (
				63936D292DEB6BC700940B34 /* EpilepsySans.ttf */,
				63936D2A2DEB6BC700940B34 /* EpilepsySansBold.ttf */,
			);
			path = EpilepsySans;
			sourceTree = "<group>";
		};
		63936D2E2DEB6DBA00940B34 /* Micro5 */ = {
			isa = PBXGroup;
			children = (
				63936D2F2DEB6E1800940B34 /* Micro5-Regular.ttf */,
			);
			path = Micro5;
			sourceTree = "<group>";
		};
		63F9D1592DEA0F5000C7598A /* Model */ = {
			isa = PBXGroup;
			children = (
				63F9D15A2DEA0F7100C7598A /* QuizInfoModel.swift */,
				63F9D15C2DEA101F00C7598A /* QuizQuestionModel.swift */,
			);
			path = Model;
			sourceTree = "<group>";
		};
		63F9D15E2DEA114100C7598A /* View */ = {
			isa = PBXGroup;
			children = (
				63F9D1612DEA116A00C7598A /* QuizInfoView.swift */,
				63F9D1682DEA315700C7598A /* QuizQestionsView.swift */,
			);
			path = View;
			sourceTree = "<group>";
		};
		63F9D1632DEA144E00C7598A /* Frameworks */ = {
			isa = PBXGroup;
			children = (
			);
			name = Frameworks;
			sourceTree = "<group>";
		};
/* End PBXGroup section */

/* Begin PBXNativeTarget section */
		630E711A2DE764D9006B0A21 /* AiQuizPuzzle */ = {
			isa = PBXNativeTarget;
			buildConfigurationList = 630E71262DE764DA006B0A21 /* Build configuration list for PBXNativeTarget "AiQuizPuzzle" */;
			buildPhases = (
				630E71172DE764D9006B0A21 /* Sources */,
				630E71182DE764D9006B0A21 /* Frameworks */,
				630E71192DE764D9006B0A21 /* Resources */,
			);
			buildRules = (
			);
			dependencies = (
			);
			name = AiQuizPuzzle;
			packageProductDependencies = (
				635B0A472DE888D5008E016E /* FirebaseAuth */,
				635B0A492DE888D5008E016E /* FirebaseFirestore */,
				636F35462DEB122800B19323 /* SwiftUIPager */,
			);
			productName = AiQuizPuzzle;
			productReference = 630E711B2DE764D9006B0A21 /* AiQuizPuzzle.app */;
			productType = "com.apple.product-type.application";
		};
/* End PBXNativeTarget section */

/* Begin PBXProject section */
		630E71132DE764D9006B0A21 /* Project object */ = {
			isa = PBXProject;
			attributes = {
				BuildIndependentTargetsInParallel = 1;
				LastSwiftUpdateCheck = 1630;
				LastUpgradeCheck = 1630;
				TargetAttributes = {
					630E711A2DE764D9006B0A21 = {
						CreatedOnToolsVersion = 16.3;
					};
				};
			};
			buildConfigurationList = 630E71162DE764D9006B0A21 /* Build configuration list for PBXProject "AiQuizPuzzle" */;
			developmentRegion = en;
			hasScannedForEncodings = 0;
			knownRegions = (
				en,
				Base,
			);
			mainGroup = 630E71122DE764D9006B0A21;
			minimizedProjectReferenceProxies = 1;
			packageReferences = (
				635B0A462DE888D5008E016E /* XCRemoteSwiftPackageReference "firebase-ios-sdk" */,
				636F35452DEB122800B19323 /* XCRemoteSwiftPackageReference "SwiftUIPager" */,
			);
			preferredProjectObjectVersion = 77;
			productRefGroup = 630E711C2DE764D9006B0A21 /* Products */;
			projectDirPath = "";
			projectRoot = "";
			targets = (
				630E711A2DE764D9006B0A21 /* AiQuizPuzzle */,
			);
		};
/* End PBXProject section */

/* Begin PBXResourcesBuildPhase section */
		630E71192DE764D9006B0A21 /* Resources */ = {
			isa = PBXResourcesBuildPhase;
			buildActionMask = 2147483647;
			files = (
				63936D2B2DEB6BC700940B34 /* EpilepsySans.ttf in Resources */,
				63936D2C2DEB6BC700940B34 /* EpilepsySansBold.ttf in Resources */,
				630E712D2DE764E2006B0A21 /* Assets.xcassets in Resources */,
				6301F5DF2DEC5E450088C864 /* LaunchScreen.storyboard in Resources */,
				635B0A452DE8882B008E016E /* GoogleService-Info.plist in Resources */,
				63936D302DEB6E1800940B34 /* Micro5-Regular.ttf in Resources */,
			);
			runOnlyForDeploymentPostprocessing = 0;
		};
/* End PBXResourcesBuildPhase section */

/* Begin PBXSourcesBuildPhase section */
		630E71172DE764D9006B0A21 /* Sources */ = {
			isa = PBXSourcesBuildPhase;
			buildActionMask = 2147483647;
			files = (
				636F354B2DEB169300B19323 /* OnboardingCardView.swift in Sources */,
				635B0A432DE8849D008E016E /* SplashScreenView.swift in Sources */,
				635B0A3F2DE8820A008E016E /* ViewExtension.swift in Sources */,
				636F35492DEB13F300B19323 /* FontExtension.swift in Sources */,
				63F9D1622DEA116A00C7598A /* QuizInfoView.swift in Sources */,
				635B0A392DE87FBF008E016E /* ColorExtension.swift in Sources */,
				63EF32FE2DEC9D1100B19E4F /* OnboardingGradientModel.swift in Sources */,
				635B0A3D2DE88161008E016E /* Labels.swift in Sources */,
				63F9D1692DEA315700C7598A /* QuizQestionsView.swift in Sources */,
				636F35442DEB0D5A00B19323 /* OnboardingViewModel.swift in Sources */,
				63F9D15B2DEA0F7C00C7598A /* QuizInfoModel.swift in Sources */,
				636F35412DEB0D3A00B19323 /* OnboardingScreenView.swift in Sources */,
				630E712E2DE764E2006B0A21 /* AiQuizPuzzleApp.swift in Sources */,
				63F9D15D2DEA102600C7598A /* QuizQuestionModel.swift in Sources */,
				636F353C2DEB0D1800B19323 /* OnboardingScreenModel.swift in Sources */,
				635B0A3B2DE88157008E016E /* ImageExtension.swift in Sources */,
			);
			runOnlyForDeploymentPostprocessing = 0;
		};
/* End PBXSourcesBuildPhase section */

/* Begin XCBuildConfiguration section */
		630E71242DE764DA006B0A21 /* Debug */ = {
			isa = XCBuildConfiguration;
			buildSettings = {
				ALWAYS_SEARCH_USER_PATHS = NO;
				ASSETCATALOG_COMPILER_GENERATE_SWIFT_ASSET_SYMBOL_EXTENSIONS = YES;
				CLANG_ANALYZER_NONNULL = YES;
				CLANG_ANALYZER_NUMBER_OBJECT_CONVERSION = YES_AGGRESSIVE;
				CLANG_CXX_LANGUAGE_STANDARD = "gnu++20";
				CLANG_ENABLE_MODULES = YES;
				CLANG_ENABLE_OBJC_ARC = YES;
				CLANG_ENABLE_OBJC_WEAK = YES;
				CLANG_WARN_BLOCK_CAPTURE_AUTORELEASING = YES;
				CLANG_WARN_BOOL_CONVERSION = YES;
				CLANG_WARN_COMMA = YES;
				CLANG_WARN_CONSTANT_CONVERSION = YES;
				CLANG_WARN_DEPRECATED_OBJC_IMPLEMENTATIONS = YES;
				CLANG_WARN_DIRECT_OBJC_ISA_USAGE = YES_ERROR;
				CLANG_WARN_DOCUMENTATION_COMMENTS = YES;
				CLANG_WARN_EMPTY_BODY = YES;
				CLANG_WARN_ENUM_CONVERSION = YES;
				CLANG_WARN_INFINITE_RECURSION = YES;
				CLANG_WARN_INT_CONVERSION = YES;
				CLANG_WARN_NON_LITERAL_NULL_CONVERSION = YES;
				CLANG_WARN_OBJC_IMPLICIT_RETAIN_SELF = YES;
				CLANG_WARN_OBJC_LITERAL_CONVERSION = YES;
				CLANG_WARN_OBJC_ROOT_CLASS = YES_ERROR;
				CLANG_WARN_QUOTED_INCLUDE_IN_FRAMEWORK_HEADER = YES;
				CLANG_WARN_RANGE_LOOP_ANALYSIS = YES;
				CLANG_WARN_STRICT_PROTOTYPES = YES;
				CLANG_WARN_SUSPICIOUS_MOVE = YES;
				CLANG_WARN_UNGUARDED_AVAILABILITY = YES_AGGRESSIVE;
				CLANG_WARN_UNREACHABLE_CODE = YES;
				CLANG_WARN__DUPLICATE_METHOD_MATCH = YES;
				COPY_PHASE_STRIP = NO;
				DEBUG_INFORMATION_FORMAT = dwarf;
				DEVELOPMENT_TEAM = NAJAJ652LV;
				ENABLE_STRICT_OBJC_MSGSEND = YES;
				ENABLE_TESTABILITY = YES;
				ENABLE_USER_SCRIPT_SANDBOXING = YES;
				GCC_C_LANGUAGE_STANDARD = gnu17;
				GCC_DYNAMIC_NO_PIC = NO;
				GCC_NO_COMMON_BLOCKS = YES;
				GCC_OPTIMIZATION_LEVEL = 0;
				GCC_PREPROCESSOR_DEFINITIONS = (
					"DEBUG=1",
					"$(inherited)",
				);
				GCC_WARN_64_TO_32_BIT_CONVERSION = YES;
				GCC_WARN_ABOUT_RETURN_TYPE = YES_ERROR;
				GCC_WARN_UNDECLARED_SELECTOR = YES;
				GCC_WARN_UNINITIALIZED_AUTOS = YES_AGGRESSIVE;
				GCC_WARN_UNUSED_FUNCTION = YES;
				GCC_WARN_UNUSED_VARIABLE = YES;
				IPHONEOS_DEPLOYMENT_TARGET = 18.4;
				LOCALIZATION_PREFERS_STRING_CATALOGS = YES;
				MTL_ENABLE_DEBUG_INFO = INCLUDE_SOURCE;
				MTL_FAST_MATH = YES;
				ONLY_ACTIVE_ARCH = YES;
				SDKROOT = iphoneos;
				SWIFT_ACTIVE_COMPILATION_CONDITIONS = "DEBUG $(inherited)";
				SWIFT_OPTIMIZATION_LEVEL = "-Onone";
			};
			name = Debug;
		};
		630E71252DE764DA006B0A21 /* Release */ = {
			isa = XCBuildConfiguration;
			buildSettings = {
				ALWAYS_SEARCH_USER_PATHS = NO;
				ASSETCATALOG_COMPILER_GENERATE_SWIFT_ASSET_SYMBOL_EXTENSIONS = YES;
				CLANG_ANALYZER_NONNULL = YES;
				CLANG_ANALYZER_NUMBER_OBJECT_CONVERSION = YES_AGGRESSIVE;
				CLANG_CXX_LANGUAGE_STANDARD = "gnu++20";
				CLANG_ENABLE_MODULES = YES;
				CLANG_ENABLE_OBJC_ARC = YES;
				CLANG_ENABLE_OBJC_WEAK = YES;
				CLANG_WARN_BLOCK_CAPTURE_AUTORELEASING = YES;
				CLANG_WARN_BOOL_CONVERSION = YES;
				CLANG_WARN_COMMA = YES;
				CLANG_WARN_CONSTANT_CONVERSION = YES;
				CLANG_WARN_DEPRECATED_OBJC_IMPLEMENTATIONS = YES;
				CLANG_WARN_DIRECT_OBJC_ISA_USAGE = YES_ERROR;
				CLANG_WARN_DOCUMENTATION_COMMENTS = YES;
				CLANG_WARN_EMPTY_BODY = YES;
				CLANG_WARN_ENUM_CONVERSION = YES;
				CLANG_WARN_INFINITE_RECURSION = YES;
				CLANG_WARN_INT_CONVERSION = YES;
				CLANG_WARN_NON_LITERAL_NULL_CONVERSION = YES;
				CLANG_WARN_OBJC_IMPLICIT_RETAIN_SELF = YES;
				CLANG_WARN_OBJC_LITERAL_CONVERSION = YES;
				CLANG_WARN_OBJC_ROOT_CLASS = YES_ERROR;
				CLANG_WARN_QUOTED_INCLUDE_IN_FRAMEWORK_HEADER = YES;
				CLANG_WARN_RANGE_LOOP_ANALYSIS = YES;
				CLANG_WARN_STRICT_PROTOTYPES = YES;
				CLANG_WARN_SUSPICIOUS_MOVE = YES;
				CLANG_WARN_UNGUARDED_AVAILABILITY = YES_AGGRESSIVE;
				CLANG_WARN_UNREACHABLE_CODE = YES;
				CLANG_WARN__DUPLICATE_METHOD_MATCH = YES;
				COPY_PHASE_STRIP = NO;
				DEBUG_INFORMATION_FORMAT = "dwarf-with-dsym";
				DEVELOPMENT_TEAM = NAJAJ652LV;
				ENABLE_NS_ASSERTIONS = NO;
				ENABLE_STRICT_OBJC_MSGSEND = YES;
				ENABLE_USER_SCRIPT_SANDBOXING = YES;
				GCC_C_LANGUAGE_STANDARD = gnu17;
				GCC_NO_COMMON_BLOCKS = YES;
				GCC_WARN_64_TO_32_BIT_CONVERSION = YES;
				GCC_WARN_ABOUT_RETURN_TYPE = YES_ERROR;
				GCC_WARN_UNDECLARED_SELECTOR = YES;
				GCC_WARN_UNINITIALIZED_AUTOS = YES_AGGRESSIVE;
				GCC_WARN_UNUSED_FUNCTION = YES;
				GCC_WARN_UNUSED_VARIABLE = YES;
				IPHONEOS_DEPLOYMENT_TARGET = 18.4;
				LOCALIZATION_PREFERS_STRING_CATALOGS = YES;
				MTL_ENABLE_DEBUG_INFO = NO;
				MTL_FAST_MATH = YES;
				SDKROOT = iphoneos;
				SWIFT_COMPILATION_MODE = wholemodule;
				VALIDATE_PRODUCT = YES;
			};
			name = Release;
		};
		630E71272DE764DA006B0A21 /* Debug */ = {
			isa = XCBuildConfiguration;
			buildSettings = {
				ASSETCATALOG_COMPILER_APPICON_NAME = AppIcon;
				ASSETCATALOG_COMPILER_GLOBAL_ACCENT_COLOR_NAME = AccentColor;
				ASSETCATALOG_COMPILER_INCLUDE_ALL_APPICON_ASSETS = NO;
				CODE_SIGN_STYLE = Automatic;
				CURRENT_PROJECT_VERSION = 1;
				DEVELOPMENT_TEAM = NAJAJ652LV;
				ENABLE_PREVIEWS = YES;
				GENERATE_INFOPLIST_FILE = YES;
				INFOPLIST_FILE = AiQuizPuzzle/Info.plist;
				INFOPLIST_KEY_CFBundleDisplayName = Thinkle;
				INFOPLIST_KEY_ITSAppUsesNonExemptEncryption = NO;
				INFOPLIST_KEY_LSApplicationCategoryType = "public.app-category.trivia-games";
				INFOPLIST_KEY_UIApplicationSceneManifest_Generation = YES;
				INFOPLIST_KEY_UIApplicationSupportsIndirectInputEvents = YES;
				INFOPLIST_KEY_UILaunchScreen_Generation = YES;
				INFOPLIST_KEY_UILaunchStoryboardName = LaunchScreen.storyboard;
				INFOPLIST_KEY_UIStatusBarStyle = "";
				INFOPLIST_KEY_UISupportedInterfaceOrientations = UIInterfaceOrientationPortrait;
				INFOPLIST_KEY_UISupportedInterfaceOrientations_iPad = "UIInterfaceOrientationLandscapeLeft UIInterfaceOrientationLandscapeRight UIInterfaceOrientationPortrait UIInterfaceOrientationPortraitUpsideDown";
				IPHONEOS_DEPLOYMENT_TARGET = 16.0;
				LD_RUNPATH_SEARCH_PATHS = (
					"$(inherited)",
					"@executable_path/Frameworks",
				);
				MARKETING_VERSION = 0.1.1;
				PRODUCT_BUNDLE_IDENTIFIER = com.avoqode.AiQuizPuzzle;
				PRODUCT_NAME = "$(TARGET_NAME)";
				SUPPORTED_PLATFORMS = "iphoneos iphonesimulator";
				SUPPORTS_MACCATALYST = NO;
				SUPPORTS_MAC_DESIGNED_FOR_IPHONE_IPAD = NO;
				SUPPORTS_XR_DESIGNED_FOR_IPHONE_IPAD = NO;
				SWIFT_EMIT_LOC_STRINGS = YES;
				SWIFT_VERSION = 5.0;
				TARGETED_DEVICE_FAMILY = 1;
			};
			name = Debug;
		};
		630E71282DE764DA006B0A21 /* Release */ = {
			isa = XCBuildConfiguration;
			buildSettings = {
				ASSETCATALOG_COMPILER_APPICON_NAME = AppIcon;
				ASSETCATALOG_COMPILER_GLOBAL_ACCENT_COLOR_NAME = AccentColor;
				ASSETCATALOG_COMPILER_INCLUDE_ALL_APPICON_ASSETS = NO;
				CODE_SIGN_STYLE = Automatic;
				CURRENT_PROJECT_VERSION = 1;
				DEVELOPMENT_TEAM = NAJAJ652LV;
				ENABLE_PREVIEWS = YES;
				GENERATE_INFOPLIST_FILE = YES;
				INFOPLIST_FILE = AiQuizPuzzle/Info.plist;
				INFOPLIST_KEY_CFBundleDisplayName = Thinkle;
				INFOPLIST_KEY_ITSAppUsesNonExemptEncryption = NO;
				INFOPLIST_KEY_LSApplicationCategoryType = "public.app-category.trivia-games";
				INFOPLIST_KEY_UIApplicationSceneManifest_Generation = YES;
				INFOPLIST_KEY_UIApplicationSupportsIndirectInputEvents = YES;
				INFOPLIST_KEY_UILaunchScreen_Generation = YES;
				INFOPLIST_KEY_UILaunchStoryboardName = LaunchScreen.storyboard;
				INFOPLIST_KEY_UIStatusBarStyle = "";
				INFOPLIST_KEY_UISupportedInterfaceOrientations = UIInterfaceOrientationPortrait;
				INFOPLIST_KEY_UISupportedInterfaceOrientations_iPad = "UIInterfaceOrientationLandscapeLeft UIInterfaceOrientationLandscapeRight UIInterfaceOrientationPortrait UIInterfaceOrientationPortraitUpsideDown";
				IPHONEOS_DEPLOYMENT_TARGET = 16.0;
				LD_RUNPATH_SEARCH_PATHS = (
					"$(inherited)",
					"@executable_path/Frameworks",
				);
				MARKETING_VERSION = 0.1.1;
				PRODUCT_BUNDLE_IDENTIFIER = com.avoqode.AiQuizPuzzle;
				PRODUCT_NAME = "$(TARGET_NAME)";
				SUPPORTED_PLATFORMS = "iphoneos iphonesimulator";
				SUPPORTS_MACCATALYST = NO;
				SUPPORTS_MAC_DESIGNED_FOR_IPHONE_IPAD = NO;
				SUPPORTS_XR_DESIGNED_FOR_IPHONE_IPAD = NO;
				SWIFT_EMIT_LOC_STRINGS = YES;
				SWIFT_VERSION = 5.0;
				TARGETED_DEVICE_FAMILY = 1;
			};
			name = Release;
		};
/* End XCBuildConfiguration section */

/* Begin XCConfigurationList section */
		630E71162DE764D9006B0A21 /* Build configuration list for PBXProject "AiQuizPuzzle" */ = {
			isa = XCConfigurationList;
			buildConfigurations = (
				630E71242DE764DA006B0A21 /* Debug */,
				630E71252DE764DA006B0A21 /* Release */,
			);
			defaultConfigurationIsVisible = 0;
			defaultConfigurationName = Release;
		};
		630E71262DE764DA006B0A21 /* Build configuration list for PBXNativeTarget "AiQuizPuzzle" */ = {
			isa = XCConfigurationList;
			buildConfigurations = (
				630E71272DE764DA006B0A21 /* Debug */,
				630E71282DE764DA006B0A21 /* Release */,
			);
			defaultConfigurationIsVisible = 0;
			defaultConfigurationName = Release;
		};
/* End XCConfigurationList section */

/* Begin XCRemoteSwiftPackageReference section */
		635B0A462DE888D5008E016E /* XCRemoteSwiftPackageReference "firebase-ios-sdk" */ = {
			isa = XCRemoteSwiftPackageReference;
			repositoryURL = "https://github.com/firebase/firebase-ios-sdk";
			requirement = {
				kind = upToNextMajorVersion;
				minimumVersion = 11.13.0;
			};
		};
		636F35452DEB122800B19323 /* XCRemoteSwiftPackageReference "SwiftUIPager" */ = {
			isa = XCRemoteSwiftPackageReference;
			repositoryURL = "https://github.com/fermoya/SwiftUIPager";
			requirement = {
				kind = upToNextMajorVersion;
				minimumVersion = 2.5.0;
			};
		};
/* End XCRemoteSwiftPackageReference section */

/* Begin XCSwiftPackageProductDependency section */
		635B0A472DE888D5008E016E /* FirebaseAuth */ = {
			isa = XCSwiftPackageProductDependency;
			package = 635B0A462DE888D5008E016E /* XCRemoteSwiftPackageReference "firebase-ios-sdk" */;
			productName = FirebaseAuth;
		};
		635B0A492DE888D5008E016E /* FirebaseFirestore */ = {
			isa = XCSwiftPackageProductDependency;
			package = 635B0A462DE888D5008E016E /* XCRemoteSwiftPackageReference "firebase-ios-sdk" */;
			productName = FirebaseFirestore;
		};
		636F35462DEB122800B19323 /* SwiftUIPager */ = {
			isa = XCSwiftPackageProductDependency;
			package = 636F35452DEB122800B19323 /* XCRemoteSwiftPackageReference "SwiftUIPager" */;
			productName = SwiftUIPager;
		};
/* End XCSwiftPackageProductDependency section */
	};
	rootObject = 630E71132DE764D9006B0A21 /* Project object */;
}
